
Microsoft Visual Studio Solution File, Format Version 12.00
# Visual Studio Version 17
VisualStudioVersion = 17.14.36623.8 d17.14
MinimumVisualStudioVersion = 10.0.40219.1
Project("{FAE04EC0-301F-11D3-BF4B-00C04F79EFBC}") = "AWE_Agent_WebApp", "AWE_Agent_WebApp\AWE_Agent_WebApp.csproj", "{1BA84BE0-494D-415B-9BD4-7EE3BBCF8627}"
EndProject
Global
	GlobalSection(SolutionConfigurationPlatforms) = preSolution
		Debug|Any CPU = Debug|Any CPU
		Release|Any CPU = Release|Any CPU
	EndGlobalSection
	GlobalSection(ProjectConfigurationPlatforms) = postSolution
		{1BA84BE0-494D-415B-9BD4-7EE3BBCF8627}.Debug|Any CPU.ActiveCfg = Debug|Any CPU
		{1BA84BE0-494D-415B-9BD4-7EE3BBCF8627}.Debug|Any CPU.Build.0 = Debug|Any CPU
		{1BA84BE0-494D-415B-9BD4-7EE3BBCF8627}.Release|Any CPU.ActiveCfg = Release|Any CPU
		{1BA84BE0-494D-415B-9BD4-7EE3BBCF8627}.Release|Any CPU.Build.0 = Release|Any CPU
	EndGlobalSection
	GlobalSection(SolutionProperties) = preSolution
		HideSolutionNode = FALSE
	EndGlobalSection
	GlobalSection(ExtensibilityGlobals) = postSolution
		SolutionGuid = {53B55C5A-9760-4CC8-9174-F36A0E78D8DE}
	EndGlobalSection
EndGlobal
